
Microsoft Visual Studio Solution File, Format Version 12.00
# Visual Studio Version 17
VisualStudioVersion = 17.6.33723.286
MinimumVisualStudioVersion = 10.0.40219.1
Project("{FAE04EC0-301F-11D3-BF4B-00C04F79EFBC}") = "CW_Delegate_2", "CW_Delegate_2\CW_Delegate_2.csproj", "{0AFCCBDF-3E11-41F0-AFBB-3719722CFA1C}"
EndProject
Global
	GlobalSection(SolutionConfigurationPlatforms) = preSolution
		Debug|Any CPU = Debug|Any CPU
		Release|Any CPU = Release|Any CPU
	EndGlobalSection
	GlobalSection(ProjectConfigurationPlatforms) = postSolution
		{0AFCCBDF-3E11-41F0-AFBB-3719722CFA1C}.Debug|Any CPU.ActiveCfg = Debug|Any CPU
		{0AFCCBDF-3E11-41F0-AFBB-3719722CFA1C}.Debug|Any CPU.Build.0 = Debug|Any CPU
		{0AFCCBDF-3E11-41F0-AFBB-3719722CFA1C}.Release|Any CPU.ActiveCfg = Release|Any CPU
		{0AFCCBDF-3E11-41F0-AFBB-3719722CFA1C}.Release|Any CPU.Build.0 = Release|Any CPU
	EndGlobalSection
	GlobalSection(SolutionProperties) = preSolution
		HideSolutionNode = FALSE
	EndGlobalSection
	GlobalSection(ExtensibilityGlobals) = postSolution
		SolutionGuid = {5DDD70FF-D3EB-462B-81A0-423F0A3EDBE2}
	EndGlobalSection
EndGlobal
